[[package]]
name = "core"
source = "path+from-root-C9A85C38FB08D9AC"

[[package]]
name = "recovery_checker"
source = "member"
dependencies = [
    "shared",
    "std",
]

[[package]]
name = "secure_enclave_predicate"
source = "member"
dependencies = ["std"]

[[package]]
name = "shared"
source = "member"
dependencies = ["std"]

[[package]]
name = "std"
source = "git+https://github.com/fuellabs/sway?tag=v0.49.0#a17fbf3e7d8dc9845458260c343b4d8f006f3633"
dependencies = ["core"]

[[package]]
name = "withdrawal_script"
source = "member"
dependencies = [
    "shared",
    "std",
]
